
Microsoft Visual Studio Solution File, Format Version 12.00
# Visual Studio 15
VisualStudioVersion = 15.0.28307.779
MinimumVisualStudioVersion = 10.0.40219.1
Project("{2150E333-8FDC-42A3-9474-1A3956D46DE8}") = "Microservices", "Microservices", "{06DC32D6-8FCE-4F58-9CD2-BF98A576A72B}"
EndProject
Project("{2150E333-8FDC-42A3-9474-1A3956D46DE8}") = "Domain", "Domain", "{44CD53BA-C9CF-4305-B498-5DD150046E53}"
EndProject
Project("{2150E333-8FDC-42A3-9474-1A3956D46DE8}") = "Infra.Bus", "Infra.Bus", "{1DBDBFED-B167-4633-994F-3AC710986C1A}"
EndProject
Project("{2150E333-8FDC-42A3-9474-1A3956D46DE8}") = "Infra.IoC", "Infra.IoC", "{766ECB7B-4F63-48A7-88B6-78775637FACB}"
EndProject
Project("{2150E333-8FDC-42A3-9474-1A3956D46DE8}") = "Presentation", "Presentation", "{06D5C7EB-AF90-4792-A381-5D0CBAE89AFD}"
EndProject
Project("{FAE04EC0-301F-11D3-BF4B-00C04F79EFBC}") = "MicroRabbit.Domain.core", "MicroRabbit.Domain.core\MicroRabbit.Domain.core.csproj", "{033020CC-9C04-4C50-A628-B55D639E2DD3}"
EndProject
Global
	GlobalSection(SolutionConfigurationPlatforms) = preSolution
		Debug|Any CPU = Debug|Any CPU
		Release|Any CPU = Release|Any CPU
	EndGlobalSection
	GlobalSection(ProjectConfigurationPlatforms) = postSolution
		{033020CC-9C04-4C50-A628-B55D639E2DD3}.Debug|Any CPU.ActiveCfg = Debug|Any CPU
		{033020CC-9C04-4C50-A628-B55D639E2DD3}.Debug|Any CPU.Build.0 = Debug|Any CPU
		{033020CC-9C04-4C50-A628-B55D639E2DD3}.Release|Any CPU.ActiveCfg = Release|Any CPU
		{033020CC-9C04-4C50-A628-B55D639E2DD3}.Release|Any CPU.Build.0 = Release|Any CPU
	EndGlobalSection
	GlobalSection(SolutionProperties) = preSolution
		HideSolutionNode = FALSE
	EndGlobalSection
	GlobalSection(NestedProjects) = preSolution
		{033020CC-9C04-4C50-A628-B55D639E2DD3} = {44CD53BA-C9CF-4305-B498-5DD150046E53}
	EndGlobalSection
	GlobalSection(ExtensibilityGlobals) = postSolution
		SolutionGuid = {38EF1BBC-E6F9-4EA1-8CAE-3143FC65F9E4}
	EndGlobalSection
EndGlobal
